
Microsoft Visual Studio Solution File, Format Version 12.00
# Visual Studio 15
VisualStudioVersion = 15.0.28307.489
MinimumVisualStudioVersion = 10.0.40219.1
Project("{2150E333-8FDC-42A3-9474-1A3956D46DE8}") = "Base", "Base", "{3B04BC0B-06F5-43FB-A10C-BAE5D68239C0}"
EndProject
Project("{9A19103F-16F7-4668-BE54-9A1E7A4F7556}") = "MonteOlimpo.Base.ApiBoot", "MonteOlimpo.Base.ApiBoot\MonteOlimpo.Base.ApiBoot.csproj", "{28C29FCB-E9B3-4BCC-9C6C-CFA10BA38706}"
EndProject
Project("{9A19103F-16F7-4668-BE54-9A1E7A4F7556}") = "MonteOlimpo.Base.Log", "MonteOlimpo.Base.Log\MonteOlimpo.Base.Log.csproj", "{5F2F9C38-2867-4201-9931-E6459EA7E238}"
EndProject
Project("{9A19103F-16F7-4668-BE54-9A1E7A4F7556}") = "MonteOlimpo.Base.ExceptionHandler", "MonteOlimpo.Base.ExceptionHandler\MonteOlimpo.Base.ExceptionHandler.csproj", "{C661368A-1D9C-4D19-B9CC-5B91A80258AD}"
EndProject
Project("{9A19103F-16F7-4668-BE54-9A1E7A4F7556}") = "MonteOlimpo.Base.ExceptionHandler.Abstractions", "MonteOlimpo.Base.ExceptionHandler.Abstractions\MonteOlimpo.Base.ExceptionHandler.Abstractions.csproj", "{EA59ECCF-A092-476A-8E1B-988046309C0B}"
EndProject
Project("{9A19103F-16F7-4668-BE54-9A1E7A4F7556}") = "MonteOlimpo.Base.CoreException", "MonteOlimpo.Base.CoreException\MonteOlimpo.Base.CoreException.csproj", "{9DE7F14B-705A-4682-96AF-4F0315BB6360}"
EndProject
Project("{9A19103F-16F7-4668-BE54-9A1E7A4F7556}") = "MonteOlimpo.Base.Filters", "MonteOlimpo.Base.Filters\MonteOlimpo.Base.Filters.csproj", "{8D22FD6A-D129-41CA-8295-CEDC1771B5FC}"
EndProject
Project("{9A19103F-16F7-4668-BE54-9A1E7A4F7556}") = "MonteOlimpo.Base.Extensions", "MonteOlimpo.Base.Extensions\MonteOlimpo.Base.Extensions.csproj", "{FC95889E-51F7-487F-BDFA-88CEF6D8F429}"
EndProject
Project("{9A19103F-16F7-4668-BE54-9A1E7A4F7556}") = "MonteOlimpo.Base.Swagger", "MonteOlimpo.Base.Swagger\MonteOlimpo.Base.Swagger.csproj", "{3425D7D1-7707-4E2E-AE56-9608498A4550}"
EndProject
Project("{FAE04EC0-301F-11D3-BF4B-00C04F79EFBC}") = "MonteOlimpo.Base.Authentication", "MonteOlimpo.Base.Authentication\MonteOlimpo.Base.Authentication.csproj", "{3980A7E5-3C05-4DA9-B7D9-2D417C6918FB}"
EndProject
Global
	GlobalSection(SolutionConfigurationPlatforms) = preSolution
		Debug|Any CPU = Debug|Any CPU
		Release|Any CPU = Release|Any CPU
	EndGlobalSection
	GlobalSection(ProjectConfigurationPlatforms) = postSolution
		{28C29FCB-E9B3-4BCC-9C6C-CFA10BA38706}.Debug|Any CPU.ActiveCfg = Debug|Any CPU
		{28C29FCB-E9B3-4BCC-9C6C-CFA10BA38706}.Debug|Any CPU.Build.0 = Debug|Any CPU
		{28C29FCB-E9B3-4BCC-9C6C-CFA10BA38706}.Release|Any CPU.ActiveCfg = Release|Any CPU
		{28C29FCB-E9B3-4BCC-9C6C-CFA10BA38706}.Release|Any CPU.Build.0 = Release|Any CPU
		{5F2F9C38-2867-4201-9931-E6459EA7E238}.Debug|Any CPU.ActiveCfg = Debug|Any CPU
		{5F2F9C38-2867-4201-9931-E6459EA7E238}.Debug|Any CPU.Build.0 = Debug|Any CPU
		{5F2F9C38-2867-4201-9931-E6459EA7E238}.Release|Any CPU.ActiveCfg = Release|Any CPU
		{5F2F9C38-2867-4201-9931-E6459EA7E238}.Release|Any CPU.Build.0 = Release|Any CPU
		{C661368A-1D9C-4D19-B9CC-5B91A80258AD}.Debug|Any CPU.ActiveCfg = Debug|Any CPU
		{C661368A-1D9C-4D19-B9CC-5B91A80258AD}.Debug|Any CPU.Build.0 = Debug|Any CPU
		{C661368A-1D9C-4D19-B9CC-5B91A80258AD}.Release|Any CPU.ActiveCfg = Release|Any CPU
		{C661368A-1D9C-4D19-B9CC-5B91A80258AD}.Release|Any CPU.Build.0 = Release|Any CPU
		{EA59ECCF-A092-476A-8E1B-988046309C0B}.Debug|Any CPU.ActiveCfg = Debug|Any CPU
		{EA59ECCF-A092-476A-8E1B-988046309C0B}.Debug|Any CPU.Build.0 = Debug|Any CPU
		{EA59ECCF-A092-476A-8E1B-988046309C0B}.Release|Any CPU.ActiveCfg = Release|Any CPU
		{EA59ECCF-A092-476A-8E1B-988046309C0B}.Release|Any CPU.Build.0 = Release|Any CPU
		{9DE7F14B-705A-4682-96AF-4F0315BB6360}.Debug|Any CPU.ActiveCfg = Debug|Any CPU
		{9DE7F14B-705A-4682-96AF-4F0315BB6360}.Debug|Any CPU.Build.0 = Debug|Any CPU
		{9DE7F14B-705A-4682-96AF-4F0315BB6360}.Release|Any CPU.ActiveCfg = Release|Any CPU
		{9DE7F14B-705A-4682-96AF-4F0315BB6360}.Release|Any CPU.Build.0 = Release|Any CPU
		{8D22FD6A-D129-41CA-8295-CEDC1771B5FC}.Debug|Any CPU.ActiveCfg = Debug|Any CPU
		{8D22FD6A-D129-41CA-8295-CEDC1771B5FC}.Debug|Any CPU.Build.0 = Debug|Any CPU
		{8D22FD6A-D129-41CA-8295-CEDC1771B5FC}.Release|Any CPU.ActiveCfg = Release|Any CPU
		{8D22FD6A-D129-41CA-8295-CEDC1771B5FC}.Release|Any CPU.Build.0 = Release|Any CPU
		{FC95889E-51F7-487F-BDFA-88CEF6D8F429}.Debug|Any CPU.ActiveCfg = Debug|Any CPU
		{FC95889E-51F7-487F-BDFA-88CEF6D8F429}.Debug|Any CPU.Build.0 = Debug|Any CPU
		{FC95889E-51F7-487F-BDFA-88CEF6D8F429}.Release|Any CPU.ActiveCfg = Release|Any CPU
		{FC95889E-51F7-487F-BDFA-88CEF6D8F429}.Release|Any CPU.Build.0 = Release|Any CPU
		{3425D7D1-7707-4E2E-AE56-9608498A4550}.Debug|Any CPU.ActiveCfg = Debug|Any CPU
		{3425D7D1-7707-4E2E-AE56-9608498A4550}.Debug|Any CPU.Build.0 = Debug|Any CPU
		{3425D7D1-7707-4E2E-AE56-9608498A4550}.Release|Any CPU.ActiveCfg = Release|Any CPU
		{3425D7D1-7707-4E2E-AE56-9608498A4550}.Release|Any CPU.Build.0 = Release|Any CPU
		{3980A7E5-3C05-4DA9-B7D9-2D417C6918FB}.Debug|Any CPU.ActiveCfg = Debug|Any CPU
		{3980A7E5-3C05-4DA9-B7D9-2D417C6918FB}.Debug|Any CPU.Build.0 = Debug|Any CPU
		{3980A7E5-3C05-4DA9-B7D9-2D417C6918FB}.Release|Any CPU.ActiveCfg = Release|Any CPU
		{3980A7E5-3C05-4DA9-B7D9-2D417C6918FB}.Release|Any CPU.Build.0 = Release|Any CPU
	EndGlobalSection
	GlobalSection(SolutionProperties) = preSolution
		HideSolutionNode = FALSE
	EndGlobalSection
	GlobalSection(NestedProjects) = preSolution
		{28C29FCB-E9B3-4BCC-9C6C-CFA10BA38706} = {3B04BC0B-06F5-43FB-A10C-BAE5D68239C0}
		{5F2F9C38-2867-4201-9931-E6459EA7E238} = {3B04BC0B-06F5-43FB-A10C-BAE5D68239C0}
		{C661368A-1D9C-4D19-B9CC-5B91A80258AD} = {3B04BC0B-06F5-43FB-A10C-BAE5D68239C0}
		{EA59ECCF-A092-476A-8E1B-988046309C0B} = {3B04BC0B-06F5-43FB-A10C-BAE5D68239C0}
		{9DE7F14B-705A-4682-96AF-4F0315BB6360} = {3B04BC0B-06F5-43FB-A10C-BAE5D68239C0}
		{8D22FD6A-D129-41CA-8295-CEDC1771B5FC} = {3B04BC0B-06F5-43FB-A10C-BAE5D68239C0}
		{FC95889E-51F7-487F-BDFA-88CEF6D8F429} = {3B04BC0B-06F5-43FB-A10C-BAE5D68239C0}
		{3425D7D1-7707-4E2E-AE56-9608498A4550} = {3B04BC0B-06F5-43FB-A10C-BAE5D68239C0}
		{3980A7E5-3C05-4DA9-B7D9-2D417C6918FB} = {3B04BC0B-06F5-43FB-A10C-BAE5D68239C0}
	EndGlobalSection
	GlobalSection(ExtensibilityGlobals) = postSolution
		SolutionGuid = {FD4DB511-98D8-46E1-907B-CBE09DA039C5}
	EndGlobalSection
EndGlobal
